<?xml version="1.0" encoding="utf-8"?>
<Project ToolsVersion="4.0" xmlns="http://schemas.microsoft.com/developer/msbuild/2003">
  <ItemGroup>
    <Filter Include="소스 파일">
      <UniqueIdentifier>{4FC737F1-C7A5-4376-A066-2A32D752A2FF}</UniqueIdentifier>
      <Extensions>cpp;c;cc;cxx;def;odl;idl;hpj;bat;asm;asmx</Extensions>
    </Filter>
    <Filter Include="헤더 파일">
      <UniqueIdentifier>{93995380-89BD-4b04-88EB-625FBE52EBFB}</UniqueIdentifier>
      <Extensions>h;hh;hpp;hxx;hm;inl;inc;ipp;xsd</Extensions>
    </Filter>
    <Filter Include="리소스 파일">
      <UniqueIdentifier>{67DA6AB6-F800-4c08-8B7A-83BB121AAD01}</UniqueIdentifier>
      <Extensions>rc;ico;cur;bmp;dlg;rc2;rct;bin;rgs;gif;jpg;jpeg;jpe;resx;tiff;tif;png;wav;mfcribbon-ms</Extensions>
    </Filter>
    <Filter Include="소스 파일\Baekjoon">
      <UniqueIdentifier>{770bd27a-20b8-43ae-95b4-02f9e4ae48c3}</UniqueIdentifier>
    </Filter>
    <Filter Include="소스 파일\Samsung">
      <UniqueIdentifier>{7e9e4663-786c-4661-89bb-4ab5a37e0de1}</UniqueIdentifier>
    </Filter>
    <Filter Include="소스 파일\codeforce">
      <UniqueIdentifier>{1b335705-1adf-4b5b-9e0d-35a1201006ed}</UniqueIdentifier>
    </Filter>
  </ItemGroup>
  <ItemGroup>
    <ClCompile Include="BELL16707.cpp">
      <Filter>소스 파일\Baekjoon</Filter>
    </ClCompile>
    <ClCompile Include="BF1012.cpp">
      <Filter>소스 파일\Baekjoon</Filter>
    </ClCompile>
    <ClCompile Include="BF2210.cpp">
      <Filter>소스 파일\Baekjoon</Filter>
    </ClCompile>
    <ClCompile Include="BF14502.cpp">
      <Filter>소스 파일\Baekjoon</Filter>
    </ClCompile>
    <ClCompile Include="BF15661.cpp">
      <Filter>소스 파일\Baekjoon</Filter>
    </ClCompile>
    <ClCompile Include="BF15683.cpp">
      <Filter>소스 파일\Baekjoon</Filter>
    </ClCompile>
    <ClCompile Include="BF15686.cpp">
      <Filter>소스 파일\Baekjoon</Filter>
    </ClCompile>
    <ClCompile Include="BFS3184.cpp">
      <Filter>소스 파일\Baekjoon</Filter>
    </ClCompile>
    <ClCompile Include="BFS5014.cpp">
      <Filter>소스 파일\Baekjoon</Filter>
    </ClCompile>
    <ClCompile Include="BFS5213.cpp">
      <Filter>소스 파일\Baekjoon</Filter>
    </ClCompile>
    <ClCompile Include="DP15486.cpp">
      <Filter>소스 파일\Baekjoon</Filter>
    </ClCompile>
    <ClCompile Include="ETC13458.cpp">
      <Filter>소스 파일\Baekjoon</Filter>
    </ClCompile>
    <ClCompile Include="S1063.cpp">
      <Filter>소스 파일\Baekjoon</Filter>
    </ClCompile>
    <ClCompile Include="S3190.cpp">
      <Filter>소스 파일\Baekjoon</Filter>
    </ClCompile>
    <ClCompile Include="S14499.cpp">
      <Filter>소스 파일\Baekjoon</Filter>
    </ClCompile>
    <ClCompile Include="S14890.cpp">
      <Filter>소스 파일\Baekjoon</Filter>
    </ClCompile>
    <ClCompile Include="S14891.cpp">
      <Filter>소스 파일\Baekjoon</Filter>
    </ClCompile>
    <ClCompile Include="1949.cpp">
      <Filter>소스 파일\Samsung</Filter>
    </ClCompile>
    <ClCompile Include="DP1149.cpp">
      <Filter>소스 파일\Baekjoon</Filter>
    </ClCompile>
    <ClCompile Include="BF14500.cpp">
      <Filter>소스 파일\Baekjoon</Filter>
    </ClCompile>
    <ClCompile Include="S15662.cpp">
      <Filter>소스 파일\Baekjoon</Filter>
    </ClCompile>
    <ClCompile Include="S15685.cpp">
      <Filter>소스 파일\Baekjoon</Filter>
    </ClCompile>
    <ClCompile Include="2105.cpp">
      <Filter>소스 파일\Samsung</Filter>
    </ClCompile>
    <ClCompile Include="DP1463.cpp">
      <Filter>소스 파일\Baekjoon</Filter>
    </ClCompile>
    <ClCompile Include="DP11726.cpp">
      <Filter>소스 파일\Baekjoon</Filter>
    </ClCompile>
    <ClCompile Include="DP11727.cpp">
      <Filter>소스 파일\Baekjoon</Filter>
    </ClCompile>
    <ClCompile Include="DP9095.cpp">
      <Filter>소스 파일\Baekjoon</Filter>
    </ClCompile>
    <ClCompile Include="DP10844.cpp">
      <Filter>소스 파일\Baekjoon</Filter>
    </ClCompile>
    <ClCompile Include="DP11057.cpp">
      <Filter>소스 파일\Baekjoon</Filter>
    </ClCompile>
    <ClCompile Include="DP2193.cpp">
      <Filter>소스 파일\Baekjoon</Filter>
    </ClCompile>
    <ClCompile Include="DP9465.cpp">
      <Filter>소스 파일\Baekjoon</Filter>
    </ClCompile>
    <ClCompile Include="DP2156.cpp">
      <Filter>소스 파일\Baekjoon</Filter>
    </ClCompile>
    <ClCompile Include="DP11053.cpp">
      <Filter>소스 파일\Baekjoon</Filter>
    </ClCompile>
    <ClCompile Include="DP11055.cpp">
      <Filter>소스 파일\Baekjoon</Filter>
    </ClCompile>
    <ClCompile Include="DP11722.cpp">
      <Filter>소스 파일\Baekjoon</Filter>
    </ClCompile>
    <ClCompile Include="1953.cpp">
      <Filter>소스 파일\Samsung</Filter>
    </ClCompile>
    <ClCompile Include="DP11054.cpp">
      <Filter>소스 파일\Baekjoon</Filter>
    </ClCompile>
    <ClCompile Include="DP1912.cpp">
      <Filter>소스 파일\Baekjoon</Filter>
    </ClCompile>
    <ClCompile Include="DP2579.cpp">
      <Filter>소스 파일\Baekjoon</Filter>
    </ClCompile>
    <ClCompile Include="DP1699.cpp">
      <Filter>소스 파일\Baekjoon</Filter>
    </ClCompile>
    <ClCompile Include="S17144.cpp">
      <Filter>소스 파일\Baekjoon</Filter>
    </ClCompile>
    <ClCompile Include="BF14889.cpp">
      <Filter>소스 파일\Baekjoon</Filter>
    </ClCompile>
    <ClCompile Include="DP2133.cpp">
      <Filter>소스 파일\Baekjoon</Filter>
    </ClCompile>
    <ClCompile Include="DP9461.cpp">
      <Filter>소스 파일\Baekjoon</Filter>
    </ClCompile>
    <ClCompile Include="DP2225.cpp">
      <Filter>소스 파일\Baekjoon</Filter>
    </ClCompile>
    <ClCompile Include="DP2011.cpp">
      <Filter>소스 파일\Baekjoon</Filter>
    </ClCompile>
    <ClCompile Include="DP11052.cpp">
      <Filter>소스 파일\Baekjoon</Filter>
    </ClCompile>
    <ClCompile Include="ETC2751.cpp">
      <Filter>소스 파일\Baekjoon</Filter>
    </ClCompile>
    <ClCompile Include="ETC11650.cpp">
      <Filter>소스 파일\Baekjoon</Filter>
    </ClCompile>
    <ClCompile Include="ETC11651.cpp">
      <Filter>소스 파일\Baekjoon</Filter>
    </ClCompile>
    <ClCompile Include="ETC10814.cpp">
      <Filter>소스 파일\Baekjoon</Filter>
    </ClCompile>
    <ClCompile Include="ETC10825.cpp">
      <Filter>소스 파일\Baekjoon</Filter>
    </ClCompile>
    <ClCompile Include="ETC10989 .cpp">
      <Filter>소스 파일\Baekjoon</Filter>
    </ClCompile>
    <ClCompile Include="ETC11652.cpp">
      <Filter>소스 파일\Baekjoon</Filter>
    </ClCompile>
    <ClCompile Include="ETC11004.cpp">
      <Filter>소스 파일\Baekjoon</Filter>
    </ClCompile>
    <ClCompile Include="ETC10828.cpp">
      <Filter>소스 파일\Baekjoon</Filter>
    </ClCompile>
    <ClCompile Include="ETC9012.cpp">
      <Filter>소스 파일\Baekjoon</Filter>
    </ClCompile>
    <ClCompile Include="ETC10799.cpp">
      <Filter>소스 파일\Baekjoon</Filter>
    </ClCompile>
    <ClCompile Include="ETC10845.cpp">
      <Filter>소스 파일\Baekjoon</Filter>
    </ClCompile>
    <ClCompile Include="ETC10866.cpp">
      <Filter>소스 파일\Baekjoon</Filter>
    </ClCompile>
    <ClCompile Include="ETC10808.cpp">
      <Filter>소스 파일\Baekjoon</Filter>
    </ClCompile>
    <ClCompile Include="ETC10809.cpp">
      <Filter>소스 파일\Baekjoon</Filter>
    </ClCompile>
    <ClCompile Include="ETC10820.cpp">
      <Filter>소스 파일\Baekjoon</Filter>
    </ClCompile>
    <ClCompile Include="ETC2743.cpp">
      <Filter>소스 파일\Baekjoon</Filter>
    </ClCompile>
    <ClCompile Include="ETC11655.cpp">
      <Filter>소스 파일\Baekjoon</Filter>
    </ClCompile>
    <ClCompile Include="ETC10824.cpp">
      <Filter>소스 파일\Baekjoon</Filter>
    </ClCompile>
    <ClCompile Include="ETC11656.cpp">
      <Filter>소스 파일\Baekjoon</Filter>
    </ClCompile>
    <ClCompile Include="BFS10026.cpp">
      <Filter>소스 파일\Baekjoon</Filter>
    </ClCompile>
    <ClCompile Include="DP4811.cpp">
      <Filter>소스 파일\Baekjoon</Filter>
    </ClCompile>
    <ClCompile Include="DP14501.cpp">
      <Filter>소스 파일\Baekjoon</Filter>
    </ClCompile>
    <ClCompile Include="S5373.cpp">
      <Filter>소스 파일\Baekjoon</Filter>
    </ClCompile>
    <ClCompile Include="S14502.cpp">
      <Filter>소스 파일\Baekjoon</Filter>
    </ClCompile>
    <ClCompile Include="S14503.cpp">
      <Filter>소스 파일\Baekjoon</Filter>
    </ClCompile>
    <ClCompile Include="S16235.cpp">
      <Filter>소스 파일\Baekjoon</Filter>
    </ClCompile>
    <ClCompile Include="BF14888.cpp">
      <Filter>소스 파일\Baekjoon</Filter>
    </ClCompile>
    <ClCompile Include="S17143.cpp">
      <Filter>소스 파일\Baekjoon</Filter>
    </ClCompile>
    <ClCompile Include="BF15684.cpp">
      <Filter>소스 파일\Baekjoon</Filter>
    </ClCompile>
    <ClCompile Include="S12100.cpp">
      <Filter>소스 파일\Baekjoon</Filter>
    </ClCompile>
    <ClCompile Include="S17142.cpp">
      <Filter>소스 파일\Baekjoon</Filter>
    </ClCompile>
    <ClCompile Include="S17070.cpp">
      <Filter>소스 파일\Baekjoon</Filter>
    </ClCompile>
    <ClCompile Include="S17135.cpp">
      <Filter>소스 파일\Baekjoon</Filter>
    </ClCompile>
    <ClCompile Include="BF2503.cpp">
      <Filter>소스 파일\Baekjoon</Filter>
    </ClCompile>
    <ClCompile Include="ICPC16360.cpp">
      <Filter>소스 파일\Baekjoon</Filter>
    </ClCompile>
    <ClCompile Include="ETC기초.cpp">
      <Filter>소스 파일\Baekjoon</Filter>
    </ClCompile>
    <ClCompile Include="ETC15666.cpp">
      <Filter>소스 파일\Baekjoon</Filter>
    </ClCompile>
    <ClCompile Include="ETC15665.cpp">
      <Filter>소스 파일\Baekjoon</Filter>
    </ClCompile>
    <ClCompile Include="ETC15664.cpp">
      <Filter>소스 파일\Baekjoon</Filter>
    </ClCompile>
    <ClCompile Include="ETC15663.cpp">
      <Filter>소스 파일\Baekjoon</Filter>
    </ClCompile>
    <ClCompile Include="ETC15649.cpp">
      <Filter>소스 파일\Baekjoon</Filter>
    </ClCompile>
    <ClCompile Include="ETC15650.cpp">
      <Filter>소스 파일\Baekjoon</Filter>
    </ClCompile>
    <ClCompile Include="ETC15651.cpp">
      <Filter>소스 파일\Baekjoon</Filter>
    </ClCompile>
    <ClCompile Include="ETC15652.cpp">
      <Filter>소스 파일\Baekjoon</Filter>
    </ClCompile>
    <ClCompile Include="ETC15654.cpp">
      <Filter>소스 파일\Baekjoon</Filter>
    </ClCompile>
    <ClCompile Include="ETC15655.cpp">
      <Filter>소스 파일\Baekjoon</Filter>
    </ClCompile>
    <ClCompile Include="ETC15656.cpp">
      <Filter>소스 파일\Baekjoon</Filter>
    </ClCompile>
    <ClCompile Include="ETC15657.cpp">
      <Filter>소스 파일\Baekjoon</Filter>
    </ClCompile>
    <ClCompile Include="590_A.cpp">
      <Filter>소스 파일\codeforce</Filter>
    </ClCompile>
    <ClCompile Include="590_B.cpp">
      <Filter>소스 파일\codeforce</Filter>
    </ClCompile>
    <ClCompile Include="590_B2.cpp">
      <Filter>소스 파일\codeforce</Filter>
    </ClCompile>
    <ClCompile Include="590_C%27.cpp">
      <Filter>소스 파일\codeforce</Filter>
    </ClCompile>
    <ClCompile Include="595_A.cpp">
      <Filter>소스 파일\codeforce</Filter>
    </ClCompile>
    <ClCompile Include="595_B(easy).cpp">
      <Filter>소스 파일\codeforce</Filter>
    </ClCompile>
    <ClCompile Include="595_C%28easy%29.cpp">
      <Filter>소스 파일\codeforce</Filter>
    </ClCompile>
    <ClCompile Include="595_D(easy).cpp">
      <Filter>소스 파일\codeforce</Filter>
    </ClCompile>
    <ClCompile Include="GA11399.cpp">
      <Filter>소스 파일\Baekjoon</Filter>
    </ClCompile>
    <ClCompile Include="GA11047.cpp">
      <Filter>소스 파일\Baekjoon</Filter>
    </ClCompile>
  </ItemGroup>
</Project>